
Microsoft Visual Studio Solution File, Format Version 12.00
# Visual Studio Version 17
VisualStudioVersion = 17.6.33801.468
MinimumVisualStudioVersion = 10.0.40219.1
Project("{FAE04EC0-301F-11D3-BF4B-00C04F79EFBC}") = "BookShop", "BookShop\BookShop.csproj", "{F6A5A0CD-91A2-4A7E-B09C-6F144E8674AD}"
EndProject
Global
	GlobalSection(SolutionConfigurationPlatforms) = preSolution
		Debug|Any CPU = Debug|Any CPU
		Release|Any CPU = Release|Any CPU
	EndGlobalSection
	GlobalSection(ProjectConfigurationPlatforms) = postSolution
		{F6A5A0CD-91A2-4A7E-B09C-6F144E8674AD}.Debug|Any CPU.ActiveCfg = Debug|Any CPU
		{F6A5A0CD-91A2-4A7E-B09C-6F144E8674AD}.Debug|Any CPU.Build.0 = Debug|Any CPU
		{F6A5A0CD-91A2-4A7E-B09C-6F144E8674AD}.Release|Any CPU.ActiveCfg = Release|Any CPU
		{F6A5A0CD-91A2-4A7E-B09C-6F144E8674AD}.Release|Any CPU.Build.0 = Release|Any CPU
	EndGlobalSection
	GlobalSection(SolutionProperties) = preSolution
		HideSolutionNode = FALSE
	EndGlobalSection
	GlobalSection(ExtensibilityGlobals) = postSolution
		SolutionGuid = {310978EC-ED5F-4207-9077-8AC1D14FBB5F}
	EndGlobalSection
EndGlobal
